Microsoft Visual Studio Solution File, Format Version 11.00
# Visual Studio 2008

Project("{492CB2E2-761C-98E7-084C-622EEBB6B611}") = "UnityTestingArea", "Assembly-CSharp-firstpass.csproj", "{8F485EAB-A0D7-B086-666B-12768D38C3C0}"
EndProject
Project("{492CB2E2-761C-98E7-084C-622EEBB6B611}") = "UnityTestingArea", "Assembly-CSharp.csproj", "{F52CEDCC-C1BB-1560-3853-A9AF1801B654}"
EndProject
Project("{492CB2E2-761C-98E7-084C-622EEBB6B611}") = "UnityTestingArea", "Assembly-CSharp-Editor.csproj", "{48247142-07F3-FE30-A73D-A2EF25DDC725}"
EndProject
Project("{492CB2E2-761C-98E7-084C-622EEBB6B611}") = "UnityTestingArea", "Assembly-UnityScript-firstpass.unityproj", "{23517001-CF2D-1763-DB74-A1401288F260}"
EndProject
Global
	GlobalSection(SolutionConfigurationPlatforms) = preSolution
		Debug|Any CPU = Debug|Any CPU
		Release|Any CPU = Release|Any CPU
	EndGlobalSection
	GlobalSection(ProjectConfigurationPlatforms) = postSolution
		{8F485EAB-A0D7-B086-666B-12768D38C3C0}.Debug|Any CPU.ActiveCfg = Debug|Any CPU
		{8F485EAB-A0D7-B086-666B-12768D38C3C0}.Debug|Any CPU.Build.0 = Debug|Any CPU
		{8F485EAB-A0D7-B086-666B-12768D38C3C0}.Release|Any CPU.ActiveCfg = Release|Any CPU
		{8F485EAB-A0D7-B086-666B-12768D38C3C0}.Release|Any CPU.Build.0 = Release|Any CPU
		{F52CEDCC-C1BB-1560-3853-A9AF1801B654}.Debug|Any CPU.ActiveCfg = Debug|Any CPU
		{F52CEDCC-C1BB-1560-3853-A9AF1801B654}.Debug|Any CPU.Build.0 = Debug|Any CPU
		{F52CEDCC-C1BB-1560-3853-A9AF1801B654}.Release|Any CPU.ActiveCfg = Release|Any CPU
		{F52CEDCC-C1BB-1560-3853-A9AF1801B654}.Release|Any CPU.Build.0 = Release|Any CPU
		{48247142-07F3-FE30-A73D-A2EF25DDC725}.Debug|Any CPU.ActiveCfg = Debug|Any CPU
		{48247142-07F3-FE30-A73D-A2EF25DDC725}.Debug|Any CPU.Build.0 = Debug|Any CPU
		{48247142-07F3-FE30-A73D-A2EF25DDC725}.Release|Any CPU.ActiveCfg = Release|Any CPU
		{48247142-07F3-FE30-A73D-A2EF25DDC725}.Release|Any CPU.Build.0 = Release|Any CPU
		{23517001-CF2D-1763-DB74-A1401288F260}.Debug|Any CPU.ActiveCfg = Debug|Any CPU
		{23517001-CF2D-1763-DB74-A1401288F260}.Debug|Any CPU.Build.0 = Debug|Any CPU
		{23517001-CF2D-1763-DB74-A1401288F260}.Release|Any CPU.ActiveCfg = Release|Any CPU
		{23517001-CF2D-1763-DB74-A1401288F260}.Release|Any CPU.Build.0 = Release|Any CPU
	EndGlobalSection
	GlobalSection(SolutionProperties) = preSolution
		HideSolutionNode = FALSE
	EndGlobalSection
										GlobalSection(MonoDevelopProperties) = preSolution
		StartupItem = Assembly-CSharp.csproj
		Policies = $0
		$0.TextStylePolicy = $1
		$1.inheritsSet = null
		$1.scope = text/x-csharp
		$0.CSharpFormattingPolicy = $2
		$2.inheritsSet = Mono
		$2.inheritsScope = text/x-csharp
		$2.scope = text/x-csharp
		$0.TextStylePolicy = $3
		$3.FileWidth = 120
		$3.TabWidth = 4
		$3.EolMarker = Unix
		$3.inheritsSet = Mono
		$3.inheritsScope = text/plain
		$3.scope = text/plain
	EndGlobalSection

EndGlobal
